// !$*UTF8*$!
{
	archiveVersion = 1;
	classes = {
	};
	objectVersion = 46;
	objects = {

/* Begin PBXBuildFile section */
		F3866EC91D11E36F00D1E017 /* AppDelegate.swift in Sources */ = {isa = PBXBuildFile; fileRef = F3866EC81D11E36F00D1E017 /* AppDelegate.swift */; };
		F3866ECB1D11E36F00D1E017 /* ViewController.swift in Sources */ = {isa = PBXBuildFile; fileRef = F3866ECA1D11E36F00D1E017 /* ViewController.swift */; };
		F3866ECE1D11E36F00D1E017 /* Main.storyboard in Resources */ = {isa = PBXBuildFile; fileRef = F3866ECC1D11E36F00D1E017 /* Main.storyboard */; };
		F3866ED01D11E36F00D1E017 /* Assets.xcassets in Resources */ = {isa = PBXBuildFile; fileRef = F3866ECF1D11E36F00D1E017 /* Assets.xcassets */; };
		F3866ED31D11E36F00D1E017 /* LaunchScreen.storyboard in Resources */ = {isa = PBXBuildFile; fileRef = F3866ED11D11E36F00D1E017 /* LaunchScreen.storyboard */; };
		F3866EDB1D11E39D00D1E017 /* VideoViewController.swift in Sources */ = {isa = PBXBuildFile; fileRef = F3866EDA1D11E39D00D1E017 /* VideoViewController.swift */; };
		F3866EE11D11E3DF00D1E017 /* VideoScrubber.swift in Sources */ = {isa = PBXBuildFile; fileRef = F3866EDD1D11E3DF00D1E017 /* VideoScrubber.swift */; };
		F3866EE21D11E3DF00D1E017 /* VideoTitleLabel.swift in Sources */ = {isa = PBXBuildFile; fileRef = F3866EDE1D11E3DF00D1E017 /* VideoTitleLabel.swift */; };
		F3866EE31D11E3DF00D1E017 /* ScrubberItem.swift in Sources */ = {isa = PBXBuildFile; fileRef = F3866EDF1D11E3DF00D1E017 /* ScrubberItem.swift */; };
/* End PBXBuildFile section */

/* Begin PBXFileReference section */
		F3062ED81EBE481600F1BF16 /* HandsToMyself.mp4 */ = {isa = PBXFileReference; lastKnownFileType = file; path = HandsToMyself.mp4; sourceTree = "<group>"; };
		F3866EC51D11E36F00D1E017 /* AVPlayerDemoSwift.app */ = {isa = PBXFileReference; explicitFileType = wrapper.application; includeInIndex = 0; path = AVPlayerDemoSwift.app; sourceTree = BUILT_PRODUCTS_DIR; };
		F3866EC81D11E36F00D1E017 /* AppDelegate.swift */ = {isa = PBXFileReference; lastKnownFileType = sourcecode.swift; path = AppDelegate.swift; sourceTree = "<group>"; };
		F3866ECA1D11E36F00D1E017 /* ViewController.swift */ = {isa = PBXFileReference; lastKnownFileType = sourcecode.swift; path = ViewController.swift; sourceTree = "<group>"; };
		F3866ECD1D11E36F00D1E017 /* Base */ = {isa = PBXFileReference; lastKnownFileType = file.storyboard; name = Base; path = Base.lproj/Main.storyboard; sourceTree = "<group>"; };
		F3866ECF1D11E36F00D1E017 /* Assets.xcassets */ = {isa = PBXFileReference; lastKnownFileType = folder.assetcatalog; path = Assets.xcassets; sourceTree = "<group>"; };
		F3866ED21D11E36F00D1E017 /* Base */ = {isa = PBXFileReference; lastKnownFileType = file.storyboard; name = Base; path = Base.lproj/LaunchScreen.storyboard; sourceTree = "<group>"; };
		F3866ED41D11E36F00D1E017 /* Info.plist */ = {isa = PBXFileReference; lastKnownFileType = text.plist.xml; path = Info.plist; sourceTree = "<group>"; };
		F3866EDA1D11E39D00D1E017 /* VideoViewController.swift */ = {isa = PBXFileReference; fileEncoding = 4; lastKnownFileType = sourcecode.swift; path = VideoViewController.swift; sourceTree = "<group>"; };
		F3866EDD1D11E3DF00D1E017 /* VideoScrubber.swift */ = {isa = PBXFileReference; fileEncoding = 4; lastKnownFileType = sourcecode.swift; path = VideoScrubber.swift; sourceTree = "<group>"; };
		F3866EDE1D11E3DF00D1E017 /* VideoTitleLabel.swift */ = {isa = PBXFileReference; fileEncoding = 4; lastKnownFileType = sourcecode.swift; path = VideoTitleLabel.swift; sourceTree = "<group>"; };
		F3866EDF1D11E3DF00D1E017 /* ScrubberItem.swift */ = {isa = PBXFileReference; fileEncoding = 4; lastKnownFileType = sourcecode.swift; path = ScrubberItem.swift; sourceTree = "<group>"; };
/* End PBXFileReference section */

/* Begin PBXFrameworksBuildPhase section */
		F3866EC21D11E36F00D1E017 /* Frameworks */ = {
			isa = PBXFrameworksBuildPhase;
			buildActionMask = 2147483647;
			files = (
			);
			runOnlyForDeploymentPostprocessing = 0;
		};
/* End PBXFrameworksBuildPhase section */

/* Begin PBXGroup section */
		F3866EBC1D11E36F00D1E017 = {
			isa = PBXGroup;
			children = (
				F3866EC71D11E36F00D1E017 /* AVPlayerDemoSwift */,
				F3866EC61D11E36F00D1E017 /* Products */,
			);
			sourceTree = "<group>";
		};
		F3866EC61D11E36F00D1E017 /* Products */ = {
			isa = PBXGroup;
			children = (
				F3866EC51D11E36F00D1E017 /* AVPlayerDemoSwift.app */,
			);
			name = Products;
			sourceTree = "<group>";
		};
		F3866EC71D11E36F00D1E017 /* AVPlayerDemoSwift */ = {
			isa = PBXGroup;
			children = (
				F3866EC81D11E36F00D1E017 /* AppDelegate.swift */,
				F3866ECA1D11E36F00D1E017 /* ViewController.swift */,
				F3866ECC1D11E36F00D1E017 /* Main.storyboard */,
				F3866EDA1D11E39D00D1E017 /* VideoViewController.swift */,
				F3062ED81EBE481600F1BF16 /* HandsToMyself.mp4 */,
				F3866EE41D11E3EC00D1E017 /* Subviews */,
				F3866ECF1D11E36F00D1E017 /* Assets.xcassets */,
				F3866ED11D11E36F00D1E017 /* LaunchScreen.storyboard */,
				F3866ED41D11E36F00D1E017 /* Info.plist */,
			);
			path = AVPlayerDemoSwift;
			sourceTree = "<group>";
		};
		F3866EE41D11E3EC00D1E017 /* Subviews */ = {
			isa = PBXGroup;
			children = (
				F3866EDD1D11E3DF00D1E017 /* VideoScrubber.swift */,
				F3866EDE1D11E3DF00D1E017 /* VideoTitleLabel.swift */,
				F3866EDF1D11E3DF00D1E017 /* ScrubberItem.swift */,
			);
			name = Subviews;
			sourceTree = "<group>";
		};
/* End PBXGroup section */

/* Begin PBXNativeTarget section */
		F3866EC41D11E36F00D1E017 /* AVPlayerDemoSwift */ = {
			isa = PBXNativeTarget;
			buildConfigurationList = F3866ED71D11E36F00D1E017 /* Build configuration list for PBXNativeTarget "AVPlayerDemoSwift" */;
			buildPhases = (
				F3866EC11D11E36F00D1E017 /* Sources */,
				F3866EC21D11E36F00D1E017 /* Frameworks */,
				F3866EC31D11E36F00D1E017 /* Resources */,
			);
			buildRules = (
			);
			dependencies = (
			);
			name = AVPlayerDemoSwift;
			productName = AVPlayerDemoSwift;
			productReference = F3866EC51D11E36F00D1E017 /* AVPlayerDemoSwift.app */;
			productType = "com.apple.product-type.application";
		};
/* End PBXNativeTarget section */

/* Begin PBXProject section */
		F3866EBD1D11E36F00D1E017 /* Project object */ = {
			isa = PBXProject;
			attributes = {
				LastSwiftUpdateCheck = 0730;
				LastUpgradeCheck = 0820;
				ORGANIZATIONNAME = "Straight Edge Digital";
				TargetAttributes = {
					F3866EC41D11E36F00D1E017 = {
						CreatedOnToolsVersion = 7.3.1;
						LastSwiftMigration = 0820;
					};
				};
			};
			buildConfigurationList = F3866EC01D11E36F00D1E017 /* Build configuration list for PBXProject "AVPlayerDemoSwift" */;
			compatibilityVersion = "Xcode 3.2";
			developmentRegion = English;
			hasScannedForEncodings = 0;
			knownRegions = (
				en,
				Base,
			);
			mainGroup = F3866EBC1D11E36F00D1E017;
			productRefGroup = F3866EC61D11E36F00D1E017 /* Products */;
			projectDirPath = "";
			projectRoot = "";
			targets = (
				F3866EC41D11E36F00D1E017 /* AVPlayerDemoSwift */,
			);
		};
/* End PBXProject section */

/* Begin PBXResourcesBuildPhase section */
		F3866EC31D11E36F00D1E017 /* Resources */ = {
			isa = PBXResourcesBuildPhase;
			buildActionMask = 2147483647;
			files = (
				F3866ED31D11E36F00D1E017 /* LaunchScreen.storyboard in Resources */,
				F3866ED01D11E36F00D1E017 /* Assets.xcassets in Resources */,
				F3866ECE1D11E36F00D1E017 /* Main.storyboard in Resources */,
			);
			runOnlyForDeploymentPostprocessing = 0;
		};
/* End PBXResourcesBuildPhase section */

/* Begin PBXSourcesBuildPhase section */
		F3866EC11D11E36F00D1E017 /* Sources */ = {
			isa = PBXSourcesBuildPhase;
			buildActionMask = 2147483647;
			files = (
				F3866EE11D11E3DF00D1E017 /* VideoScrubber.swift in Sources */,
				F3866ECB1D11E36F00D1E017 /* ViewController.swift in Sources */,
				F3866EDB1D11E39D00D1E017 /* VideoViewController.swift in Sources */,
				F3866EE21D11E3DF00D1E017 /* VideoTitleLabel.swift in Sources */,
				F3866EC91D11E36F00D1E017 /* AppDelegate.swift in Sources */,
				F3866EE31D11E3DF00D1E017 /* ScrubberItem.swift in Sources */,
			);
			runOnlyForDeploymentPostprocessing = 0;
		};
/* End PBXSourcesBuildPhase section */

/* Begin PBXVariantGroup section */
		F3866ECC1D11E36F00D1E017 /* Main.storyboard */ = {
			isa = PBXVariantGroup;
			children = (
				F3866ECD1D11E36F00D1E017 /* Base */,
			);
			name = Main.storyboard;
			sourceTree = "<group>";
		};
		F3866ED11D11E36F00D1E017 /* LaunchScreen.storyboard */ = {
			isa = PBXVariantGroup;
			children = (
				F3866ED21D11E36F00D1E017 /* Base */,
			);
			name = LaunchScreen.storyboard;
			sourceTree = "<group>";
		};
/* End PBXVariantGroup section */

/* Begin XCBuildConfiguration section */
		F3866ED51D11E36F00D1E017 /* Debug */ = {
			isa = XCBuildConfiguration;
			buildSettings = {
				ALWAYS_SEARCH_USER_PATHS = NO;
				CLANG_ANALYZER_NONNULL = YES;
				CLANG_CXX_LANGUAGE_STANDARD = "gnu++0x";
				CLANG_CXX_LIBRARY = "libc++";
				CLANG_ENABLE_MODULES = YES;
				CLANG_ENABLE_OBJC_ARC = YES;
				CLANG_WARN_BOOL_CONVERSION = YES;
				CLANG_WARN_CONSTANT_CONVERSION = YES;
				CLANG_WARN_DIRECT_OBJC_ISA_USAGE = YES_ERROR;
				CLANG_WARN_EMPTY_BODY = YES;
				CLANG_WARN_ENUM_CONVERSION = YES;
				CLANG_WARN_INFINITE_RECURSION = YES;
				CLANG_WARN_INT_CONVERSION = YES;
				CLANG_WARN_OBJC_ROOT_CLASS = YES_ERROR;
				CLANG_WARN_SUSPICIOUS_MOVE = YES;
				CLANG_WARN_UNREACHABLE_CODE = YES;
				CLANG_WARN__DUPLICATE_METHOD_MATCH = YES;
				"CODE_SIGN_IDENTITY[sdk=iphoneos*]" = "iPhone Developer";
				COPY_PHASE_STRIP = NO;
				DEBUG_INFORMATION_FORMAT = dwarf;
				ENABLE_STRICT_OBJC_MSGSEND = YES;
				ENABLE_TESTABILITY = YES;
				GCC_C_LANGUAGE_STANDARD = gnu99;
				GCC_DYNAMIC_NO_PIC = NO;
				GCC_NO_COMMON_BLOCKS = YES;
				GCC_OPTIMIZATION_LEVEL = 0;
				GCC_PREPROCESSOR_DEFINITIONS = (
					"DEBUG=1",
					"$(inherited)",
				);
				GCC_WARN_64_TO_32_BIT_CONVERSION = YES;
				GCC_WARN_ABOUT_RETURN_TYPE = YES_ERROR;
				GCC_WARN_UNDECLARED_SELECTOR = YES;
				GCC_WARN_UNINITIALIZED_AUTOS = YES_AGGRESSIVE;
				GCC_WARN_UNUSED_FUNCTION = YES;
				GCC_WARN_UNUSED_VARIABLE = YES;
				IPHONEOS_DEPLOYMENT_TARGET = 9.3;
				MTL_ENABLE_DEBUG_INFO = YES;
				ONLY_ACTIVE_ARCH = YES;
				SDKROOT = iphoneos;
				SWIFT_OPTIMIZATION_LEVEL = "-Onone";
				TARGETED_DEVICE_FAMILY = "1,2";
			};
			name = Debug;
		};
		F3866ED61D11E36F00D1E017 /* Release */ = {
			isa = XCBuildConfiguration;
			buildSettings = {
				ALWAYS_SEARCH_USER_PATHS = NO;
				CLANG_ANALYZER_NONNULL = YES;
				CLANG_CXX_LANGUAGE_STANDARD = "gnu++0x";
				CLANG_CXX_LIBRARY = "libc++";
				CLANG_ENABLE_MODULES = YES;
				CLANG_ENABLE_OBJC_ARC = YES;
				CLANG_WARN_BOOL_CONVERSION = YES;
				CLANG_WARN_CONSTANT_CONVERSION = YES;
				CLANG_WARN_DIRECT_OBJC_ISA_USAGE = YES_ERROR;
				CLANG_WARN_EMPTY_BODY = YES;
				CLANG_WARN_ENUM_CONVERSION = YES;
				CLANG_WARN_INFINITE_RECURSION = YES;
				CLANG_WARN_INT_CONVERSION = YES;
				CLANG_WARN_OBJC_ROOT_CLASS = YES_ERROR;
				CLANG_WARN_SUSPICIOUS_MOVE = YES;
				CLANG_WARN_UNREACHABLE_CODE = YES;
				CLANG_WARN__DUPLICATE_METHOD_MATCH = YES;
				"CODE_SIGN_IDENTITY[sdk=iphoneos*]" = "iPhone Developer";
				COPY_PHASE_STRIP = NO;
				DEBUG_INFORMATION_FORMAT = "dwarf-with-dsym";
				ENABLE_NS_ASSERTIONS = NO;
				ENABLE_STRICT_OBJC_MSGSEND = YES;
				GCC_C_LANGUAGE_STANDARD = gnu99;
				GCC_NO_COMMON_BLOCKS = YES;
				GCC_WARN_64_TO_32_BIT_CONVERSION = YES;
				GCC_WARN_ABOUT_RETURN_TYPE = YES_ERROR;
				GCC_WARN_UNDECLARED_SELECTOR = YES;
				GCC_WARN_UNINITIALIZED_AUTOS = YES_AGGRESSIVE;
				GCC_WARN_UNUSED_FUNCTION = YES;
				GCC_WARN_UNUSED_VARIABLE = YES;
				IPHONEOS_DEPLOYMENT_TARGET = 9.3;
				MTL_ENABLE_DEBUG_INFO = NO;
				SDKROOT = iphoneos;
				SWIFT_OPTIMIZATION_LEVEL = "-Owholemodule";
				TARGETED_DEVICE_FAMILY = "1,2";
				VALIDATE_PRODUCT = YES;
			};
			name = Release;
		};
		F3866ED81D11E36F00D1E017 /* Debug */ = {
			isa = XCBuildConfiguration;
			buildSettings = {
				ASSETCATALOG_COMPILER_APPICON_NAME = AppIcon;
				INFOPLIST_FILE = AVPlayerDemoSwift/Info.plist;
				LD_RUNPATH_SEARCH_PATHS = "$(inherited) @executable_path/Frameworks";
				PRODUCT_BUNDLE_IDENTIFIER = co.straightedge.AVPlayerDemoSwift;
				PRODUCT_NAME = "$(TARGET_NAME)";
				SWIFT_VERSION = 3.0;
			};
			name = Debug;
		};
		F3866ED91D11E36F00D1E017 /* Release */ = {
			isa = XCBuildConfiguration;
			buildSettings = {
				ASSETCATALOG_COMPILER_APPICON_NAME = AppIcon;
				INFOPLIST_FILE = AVPlayerDemoSwift/Info.plist;
				LD_RUNPATH_SEARCH_PATHS = "$(inherited) @executable_path/Frameworks";
				PRODUCT_BUNDLE_IDENTIFIER = co.straightedge.AVPlayerDemoSwift;
				PRODUCT_NAME = "$(TARGET_NAME)";
				SWIFT_VERSION = 3.0;
			};
			name = Release;
		};
/* End XCBuildConfiguration section */

/* Begin XCConfigurationList section */
		F3866EC01D11E36F00D1E017 /* Build configuration list for PBXProject "AVPlayerDemoSwift" */ = {
			isa = XCConfigurationList;
			buildConfigurations = (
				F3866ED51D11E36F00D1E017 /* Debug */,
				F3866ED61D11E36F00D1E017 /* Release */,
			);
			defaultConfigurationIsVisible = 0;
			defaultConfigurationName = Release;
		};
		F3866ED71D11E36F00D1E017 /* Build configuration list for PBXNativeTarget "AVPlayerDemoSwift" */ = {
			isa = XCConfigurationList;
			buildConfigurations = (
				F3866ED81D11E36F00D1E017 /* Debug */,
				F3866ED91D11E36F00D1E017 /* Release */,
			);
			defaultConfigurationIsVisible = 0;
			defaultConfigurationName = Release;
		};
/* End XCConfigurationList section */
	};
	rootObject = F3866EBD1D11E36F00D1E017 /* Project object */;
}
